
Microsoft Visual Studio Solution File, Format Version 11.00
# Visual Studio 2010
Project("{FAE04EC0-301F-11D3-BF4B-00C04F79EFBC}") = "VRBGSlideShow", "Assembly-CSharp.csproj", "{A056D42F-1024-E334-096C-A8CD3EF53A7C}"
EndProject
Project("{FAE04EC0-301F-11D3-BF4B-00C04F79EFBC}") = "VRBGSlideShow", "Assembly-CSharp-Editor.csproj", "{594234B3-51AE-95D7-217C-296E60955625}"
EndProject
Global
	GlobalSection(SolutionConfigurationPlatforms) = preSolution
		Debug|Any CPU = Debug|Any CPU
		Release|Any CPU = Release|Any CPU
	EndGlobalSection
	GlobalSection(ProjectConfigurationPlatforms) = postSolution
		{A056D42F-1024-E334-096C-A8CD3EF53A7C}.Debug|Any CPU.ActiveCfg = Debug|Any CPU
		{A056D42F-1024-E334-096C-A8CD3EF53A7C}.Debug|Any CPU.Build.0 = Debug|Any CPU
		{A056D42F-1024-E334-096C-A8CD3EF53A7C}.Release|Any CPU.ActiveCfg = Release|Any CPU
		{A056D42F-1024-E334-096C-A8CD3EF53A7C}.Release|Any CPU.Build.0 = Release|Any CPU
		{594234B3-51AE-95D7-217C-296E60955625}.Debug|Any CPU.ActiveCfg = Debug|Any CPU
		{594234B3-51AE-95D7-217C-296E60955625}.Debug|Any CPU.Build.0 = Debug|Any CPU
		{594234B3-51AE-95D7-217C-296E60955625}.Release|Any CPU.ActiveCfg = Release|Any CPU
		{594234B3-51AE-95D7-217C-296E60955625}.Release|Any CPU.Build.0 = Release|Any CPU
	EndGlobalSection
	GlobalSection(SolutionProperties) = preSolution
		HideSolutionNode = FALSE
	EndGlobalSection
	GlobalSection(MonoDevelopProperties) = preSolution
		StartupItem = Assembly-CSharp.csproj
	EndGlobalSection
EndGlobal
